
Microsoft Visual Studio Solution File, Format Version 12.00
# Visual Studio Version 17
VisualStudioVersion = 17.1.32319.34
MinimumVisualStudioVersion = 10.0.40219.1
Project("{9A19103F-16F7-4668-BE54-9A1E7A4F7556}") = "BookStoreApp.API", "BookStoreApp.API\BookStoreApp.API.csproj", "{1FAAC8B5-8FC7-4452-A650-EE4026EA3AA8}"
EndProject
Project("{9A19103F-16F7-4668-BE54-9A1E7A4F7556}") = "BookStoreApp.Blazor.Server.UI", "BookStoreApp.Blazor.Server.UI\BookStoreApp.Blazor.Server.UI.csproj", "{993FCB23-07BC-41CE-8A25-BAFE9D41BCA1}"
EndProject
Project("{FAE04EC0-301F-11D3-BF4B-00C04F79EFBC}") = "BookStoreApp.Blazor.WebAssembly.UI", "BookStoreApp.Blazor.WebAssembly.UI\BookStoreApp.Blazor.WebAssembly.UI.csproj", "{2EE03C2F-5DE9-4EC2-ABC4-FA98D64A97EF}"
EndProject
Global
	GlobalSection(SolutionConfigurationPlatforms) = preSolution
		Debug|Any CPU = Debug|Any CPU
		Release|Any CPU = Release|Any CPU
	EndGlobalSection
	GlobalSection(ProjectConfigurationPlatforms) = postSolution
		{1FAAC8B5-8FC7-4452-A650-EE4026EA3AA8}.Debug|Any CPU.ActiveCfg = Debug|Any CPU
		{1FAAC8B5-8FC7-4452-A650-EE4026EA3AA8}.Debug|Any CPU.Build.0 = Debug|Any CPU
		{1FAAC8B5-8FC7-4452-A650-EE4026EA3AA8}.Release|Any CPU.ActiveCfg = Release|Any CPU
		{1FAAC8B5-8FC7-4452-A650-EE4026EA3AA8}.Release|Any CPU.Build.0 = Release|Any CPU
		{993FCB23-07BC-41CE-8A25-BAFE9D41BCA1}.Debug|Any CPU.ActiveCfg = Debug|Any CPU
		{993FCB23-07BC-41CE-8A25-BAFE9D41BCA1}.Debug|Any CPU.Build.0 = Debug|Any CPU
		{993FCB23-07BC-41CE-8A25-BAFE9D41BCA1}.Release|Any CPU.ActiveCfg = Release|Any CPU
		{993FCB23-07BC-41CE-8A25-BAFE9D41BCA1}.Release|Any CPU.Build.0 = Release|Any CPU
		{2EE03C2F-5DE9-4EC2-ABC4-FA98D64A97EF}.Debug|Any CPU.ActiveCfg = Debug|Any CPU
		{2EE03C2F-5DE9-4EC2-ABC4-FA98D64A97EF}.Debug|Any CPU.Build.0 = Debug|Any CPU
		{2EE03C2F-5DE9-4EC2-ABC4-FA98D64A97EF}.Release|Any CPU.ActiveCfg = Release|Any CPU
		{2EE03C2F-5DE9-4EC2-ABC4-FA98D64A97EF}.Release|Any CPU.Build.0 = Release|Any CPU
	EndGlobalSection
	GlobalSection(SolutionProperties) = preSolution
		HideSolutionNode = FALSE
	EndGlobalSection
	GlobalSection(ExtensibilityGlobals) = postSolution
		SolutionGuid = {1D3C98D6-7BC7-4578-BAAD-EA8F1F92550A}
	EndGlobalSection
EndGlobal
